// !$*UTF8*$!
{
	archiveVersion = 1;
	classes = {
	};
	objectVersion = 50;
	objects = {

/* Begin PBXBuildFile section */
		13551D1B232453BC006874F7 /* AppDelegate.swift in Sources */ = {isa = PBXBuildFile; fileRef = 13551D1A232453BC006874F7 /* AppDelegate.swift */; };
		13551D1D232453BC006874F7 /* ViewController.swift in Sources */ = {isa = PBXBuildFile; fileRef = 13551D1C232453BC006874F7 /* ViewController.swift */; };
		13551D20232453BC006874F7 /* Main.storyboard in Resources */ = {isa = PBXBuildFile; fileRef = 13551D1E232453BC006874F7 /* Main.storyboard */; };
		13551D22232453BD006874F7 /* Assets.xcassets in Resources */ = {isa = PBXBuildFile; fileRef = 13551D21232453BD006874F7 /* Assets.xcassets */; };
		13551D25232453BD006874F7 /* LaunchScreen.storyboard in Resources */ = {isa = PBXBuildFile; fileRef = 13551D23232453BD006874F7 /* LaunchScreen.storyboard */; };
		13551D30232453BD006874F7 /* TipXTests.swift in Sources */ = {isa = PBXBuildFile; fileRef = 13551D2F232453BD006874F7 /* TipXTests.swift */; };
		13551D3B232453BD006874F7 /* TipXUITests.swift in Sources */ = {isa = PBXBuildFile; fileRef = 13551D3A232453BD006874F7 /* TipXUITests.swift */; };
/* End PBXBuildFile section */

/* Begin PBXContainerItemProxy section */
		13551D2C232453BD006874F7 /* PBXContainerItemProxy */ = {
			isa = PBXContainerItemProxy;
			containerPortal = 13551D0F232453BC006874F7 /* Project object */;
			proxyType = 1;
			remoteGlobalIDString = 13551D16232453BC006874F7;
			remoteInfo = TipX;
		};
		13551D37232453BD006874F7 /* PBXContainerItemProxy */ = {
			isa = PBXContainerItemProxy;
			containerPortal = 13551D0F232453BC006874F7 /* Project object */;
			proxyType = 1;
			remoteGlobalIDString = 13551D16232453BC006874F7;
			remoteInfo = TipX;
		};
/* End PBXContainerItemProxy section */

/* Begin PBXFileReference section */
		13551D17232453BC006874F7 /* TipX.app */ = {isa = PBXFileReference; explicitFileType = wrapper.application; includeInIndex = 0; path = TipX.app; sourceTree = BUILT_PRODUCTS_DIR; };
		13551D1A232453BC006874F7 /* AppDelegate.swift */ = {isa = PBXFileReference; lastKnownFileType = sourcecode.swift; path = AppDelegate.swift; sourceTree = "<group>"; };
		13551D1C232453BC006874F7 /* ViewController.swift */ = {isa = PBXFileReference; lastKnownFileType = sourcecode.swift; path = ViewController.swift; sourceTree = "<group>"; };
		13551D1F232453BC006874F7 /* Base */ = {isa = PBXFileReference; lastKnownFileType = file.storyboard; name = Base; path = Base.lproj/Main.storyboard; sourceTree = "<group>"; };
		13551D21232453BD006874F7 /* Assets.xcassets */ = {isa = PBXFileReference; lastKnownFileType = folder.assetcatalog; path = Assets.xcassets; sourceTree = "<group>"; };
		13551D24232453BD006874F7 /* Base */ = {isa = PBXFileReference; lastKnownFileType = file.storyboard; name = Base; path = Base.lproj/LaunchScreen.storyboard; sourceTree = "<group>"; };
		13551D26232453BD006874F7 /* Info.plist */ = {isa = PBXFileReference; lastKnownFileType = text.plist.xml; path = Info.plist; sourceTree = "<group>"; };
		13551D2B232453BD006874F7 /* TipXTests.xctest */ = {isa = PBXFileReference; explicitFileType = wrapper.cfbundle; includeInIndex = 0; path = TipXTests.xctest; sourceTree = BUILT_PRODUCTS_DIR; };
		13551D2F232453BD006874F7 /* TipXTests.swift */ = {isa = PBXFileReference; lastKnownFileType = sourcecode.swift; path = TipXTests.swift; sourceTree = "<group>"; };
		13551D31232453BD006874F7 /* Info.plist */ = {isa = PBXFileReference; lastKnownFileType = text.plist.xml; path = Info.plist; sourceTree = "<group>"; };
		13551D36232453BD006874F7 /* TipXUITests.xctest */ = {isa = PBXFileReference; explicitFileType = wrapper.cfbundle; includeInIndex = 0; path = TipXUITests.xctest; sourceTree = BUILT_PRODUCTS_DIR; };
		13551D3A232453BD006874F7 /* TipXUITests.swift */ = {isa = PBXFileReference; lastKnownFileType = sourcecode.swift; path = TipXUITests.swift; sourceTree = "<group>"; };
		13551D3C232453BD006874F7 /* Info.plist */ = {isa = PBXFileReference; lastKnownFileType = text.plist.xml; path = Info.plist; sourceTree = "<group>"; };
/* End PBXFileReference section */

/* Begin PBXFrameworksBuildPhase section */
		13551D14232453BC006874F7 /* Frameworks */ = {
			isa = PBXFrameworksBuildPhase;
			buildActionMask = 2147483647;
			files = (
			);
			runOnlyForDeploymentPostprocessing = 0;
		};
		13551D28232453BD006874F7 /* Frameworks */ = {
			isa = PBXFrameworksBuildPhase;
			buildActionMask = 2147483647;
			files = (
			);
			runOnlyForDeploymentPostprocessing = 0;
		};
		13551D33232453BD006874F7 /* Frameworks */ = {
			isa = PBXFrameworksBuildPhase;
			buildActionMask = 2147483647;
			files = (
			);
			runOnlyForDeploymentPostprocessing = 0;
		};
/* End PBXFrameworksBuildPhase section */

/* Begin PBXGroup section */
		13551D0E232453BC006874F7 = {
			isa = PBXGroup;
			children = (
				13551D19232453BC006874F7 /* TipX */,
				13551D2E232453BD006874F7 /* TipXTests */,
				13551D39232453BD006874F7 /* TipXUITests */,
				13551D18232453BC006874F7 /* Products */,
			);
			sourceTree = "<group>";
		};
		13551D18232453BC006874F7 /* Products */ = {
			isa = PBXGroup;
			children = (
				13551D17232453BC006874F7 /* TipX.app */,
				13551D2B232453BD006874F7 /* TipXTests.xctest */,
				13551D36232453BD006874F7 /* TipXUITests.xctest */,
			);
			name = Products;
			sourceTree = "<group>";
		};
		13551D19232453BC006874F7 /* TipX */ = {
			isa = PBXGroup;
			children = (
				13551D1A232453BC006874F7 /* AppDelegate.swift */,
				13551D1C232453BC006874F7 /* ViewController.swift */,
				13551D1E232453BC006874F7 /* Main.storyboard */,
				13551D21232453BD006874F7 /* Assets.xcassets */,
				13551D23232453BD006874F7 /* LaunchScreen.storyboard */,
				13551D26232453BD006874F7 /* Info.plist */,
			);
			path = TipX;
			sourceTree = "<group>";
		};
		13551D2E232453BD006874F7 /* TipXTests */ = {
			isa = PBXGroup;
			children = (
				13551D2F232453BD006874F7 /* TipXTests.swift */,
				13551D31232453BD006874F7 /* Info.plist */,
			);
			path = TipXTests;
			sourceTree = "<group>";
		};
		13551D39232453BD006874F7 /* TipXUITests */ = {
			isa = PBXGroup;
			children = (
				13551D3A232453BD006874F7 /* TipXUITests.swift */,
				13551D3C232453BD006874F7 /* Info.plist */,
			);
			path = TipXUITests;
			sourceTree = "<group>";
		};
/* End PBXGroup section */

/* Begin PBXNativeTarget section */
		13551D16232453BC006874F7 /* TipX */ = {
			isa = PBXNativeTarget;
			buildConfigurationList = 13551D3F232453BD006874F7 /* Build configuration list for PBXNativeTarget "TipX" */;
			buildPhases = (
				13551D13232453BC006874F7 /* Sources */,
				13551D14232453BC006874F7 /* Frameworks */,
				13551D15232453BC006874F7 /* Resources */,
			);
			buildRules = (
			);
			dependencies = (
			);
			name = TipX;
			productName = TipX;
			productReference = 13551D17232453BC006874F7 /* TipX.app */;
			productType = "com.apple.product-type.application";
		};
		13551D2A232453BD006874F7 /* TipXTests */ = {
			isa = PBXNativeTarget;
			buildConfigurationList = 13551D42232453BD006874F7 /* Build configuration list for PBXNativeTarget "TipXTests" */;
			buildPhases = (
				13551D27232453BD006874F7 /* Sources */,
				13551D28232453BD006874F7 /* Frameworks */,
				13551D29232453BD006874F7 /* Resources */,
			);
			buildRules = (
			);
			dependencies = (
				13551D2D232453BD006874F7 /* PBXTargetDependency */,
			);
			name = TipXTests;
			productName = TipXTests;
			productReference = 13551D2B232453BD006874F7 /* TipXTests.xctest */;
			productType = "com.apple.product-type.bundle.unit-test";
		};
		13551D35232453BD006874F7 /* TipXUITests */ = {
			isa = PBXNativeTarget;
			buildConfigurationList = 13551D45232453BD006874F7 /* Build configuration list for PBXNativeTarget "TipXUITests" */;
			buildPhases = (
				13551D32232453BD006874F7 /* Sources */,
				13551D33232453BD006874F7 /* Frameworks */,
				13551D34232453BD006874F7 /* Resources */,
			);
			buildRules = (
			);
			dependencies = (
				13551D38232453BD006874F7 /* PBXTargetDependency */,
			);
			name = TipXUITests;
			productName = TipXUITests;
			productReference = 13551D36232453BD006874F7 /* TipXUITests.xctest */;
			productType = "com.apple.product-type.bundle.ui-testing";
		};
/* End PBXNativeTarget section */

/* Begin PBXProject section */
		13551D0F232453BC006874F7 /* Project object */ = {
			isa = PBXProject;
			attributes = {
				LastSwiftUpdateCheck = 1030;
				LastUpgradeCheck = 1030;
				ORGANIZATIONNAME = "Jiahan Li";
				TargetAttributes = {
					13551D16232453BC006874F7 = {
						CreatedOnToolsVersion = 10.3;
					};
					13551D2A232453BD006874F7 = {
						CreatedOnToolsVersion = 10.3;
						TestTargetID = 13551D16232453BC006874F7;
					};
					13551D35232453BD006874F7 = {
						CreatedOnToolsVersion = 10.3;
						TestTargetID = 13551D16232453BC006874F7;
					};
				};
			};
			buildConfigurationList = 13551D12232453BC006874F7 /* Build configuration list for PBXProject "TipX" */;
			compatibilityVersion = "Xcode 9.3";
			developmentRegion = en;
			hasScannedForEncodings = 0;
			knownRegions = (
				en,
				Base,
			);
			mainGroup = 13551D0E232453BC006874F7;
			productRefGroup = 13551D18232453BC006874F7 /* Products */;
			projectDirPath = "";
			projectRoot = "";
			targets = (
				13551D16232453BC006874F7 /* TipX */,
				13551D2A232453BD006874F7 /* TipXTests */,
				13551D35232453BD006874F7 /* TipXUITests */,
			);
		};
/* End PBXProject section */

/* Begin PBXResourcesBuildPhase section */
		13551D15232453BC006874F7 /* Resources */ = {
			isa = PBXResourcesBuildPhase;
			buildActionMask = 2147483647;
			files = (
				13551D25232453BD006874F7 /* LaunchScreen.storyboard in Resources */,
				13551D22232453BD006874F7 /* Assets.xcassets in Resources */,
				13551D20232453BC006874F7 /* Main.storyboard in Resources */,
			);
			runOnlyForDeploymentPostprocessing = 0;
		};
		13551D29232453BD006874F7 /* Resources */ = {
			isa = PBXResourcesBuildPhase;
			buildActionMask = 2147483647;
			files = (
			);
			runOnlyForDeploymentPostprocessing = 0;
		};
		13551D34232453BD006874F7 /* Resources */ = {
			isa = PBXResourcesBuildPhase;
			buildActionMask = 2147483647;
			files = (
			);
			runOnlyForDeploymentPostprocessing = 0;
		};
/* End PBXResourcesBuildPhase section */

/* Begin PBXSourcesBuildPhase section */
		13551D13232453BC006874F7 /* Sources */ = {
			isa = PBXSourcesBuildPhase;
			buildActionMask = 2147483647;
			files = (
				13551D1D232453BC006874F7 /* ViewController.swift in Sources */,
				13551D1B232453BC006874F7 /* AppDelegate.swift in Sources */,
			);
			runOnlyForDeploymentPostprocessing = 0;
		};
		13551D27232453BD006874F7 /* Sources */ = {
			isa = PBXSourcesBuildPhase;
			buildActionMask = 2147483647;
			files = (
				13551D30232453BD006874F7 /* TipXTests.swift in Sources */,
			);
			runOnlyForDeploymentPostprocessing = 0;
		};
		13551D32232453BD006874F7 /* Sources */ = {
			isa = PBXSourcesBuildPhase;
			buildActionMask = 2147483647;
			files = (
				13551D3B232453BD006874F7 /* TipXUITests.swift in Sources */,
			);
			runOnlyForDeploymentPostprocessing = 0;
		};
/* End PBXSourcesBuildPhase section */

/* Begin PBXTargetDependency section */
		13551D2D232453BD006874F7 /* PBXTargetDependency */ = {
			isa = PBXTargetDependency;
			target = 13551D16232453BC006874F7 /* TipX */;
			targetProxy = 13551D2C232453BD006874F7 /* PBXContainerItemProxy */;
		};
		13551D38232453BD006874F7 /* PBXTargetDependency */ = {
			isa = PBXTargetDependency;
			target = 13551D16232453BC006874F7 /* TipX */;
			targetProxy = 13551D37232453BD006874F7 /* PBXContainerItemProxy */;
		};
/* End PBXTargetDependency section */

/* Begin PBXVariantGroup section */
		13551D1E232453BC006874F7 /* Main.storyboard */ = {
			isa = PBXVariantGroup;
			children = (
				13551D1F232453BC006874F7 /* Base */,
			);
			name = Main.storyboard;
			sourceTree = "<group>";
		};
		13551D23232453BD006874F7 /* LaunchScreen.storyboard */ = {
			isa = PBXVariantGroup;
			children = (
				13551D24232453BD006874F7 /* Base */,
			);
			name = LaunchScreen.storyboard;
			sourceTree = "<group>";
		};
/* End PBXVariantGroup section */

/* Begin XCBuildConfiguration section */
		13551D3D232453BD006874F7 /* Debug */ = {
			isa = XCBuildConfiguration;
			buildSettings = {
				ALWAYS_SEARCH_USER_PATHS = NO;
				CLANG_ANALYZER_NONNULL = YES;
				CLANG_ANALYZER_NUMBER_OBJECT_CONVERSION = YES_AGGRESSIVE;
				CLANG_CXX_LANGUAGE_STANDARD = "gnu++14";
				CLANG_CXX_LIBRARY = "libc++";
				CLANG_ENABLE_MODULES = YES;
				CLANG_ENABLE_OBJC_ARC = YES;
				CLANG_ENABLE_OBJC_WEAK = YES;
				CLANG_WARN_BLOCK_CAPTURE_AUTORELEASING = YES;
				CLANG_WARN_BOOL_CONVERSION = YES;
				CLANG_WARN_COMMA = YES;
				CLANG_WARN_CONSTANT_CONVERSION = YES;
				CLANG_WARN_DEPRECATED_OBJC_IMPLEMENTATIONS = YES;
				CLANG_WARN_DIRECT_OBJC_ISA_USAGE = YES_ERROR;
				CLANG_WARN_DOCUMENTATION_COMMENTS = YES;
				CLANG_WARN_EMPTY_BODY = YES;
				CLANG_WARN_ENUM_CONVERSION = YES;
				CLANG_WARN_INFINITE_RECURSION = YES;
				CLANG_WARN_INT_CONVERSION = YES;
				CLANG_WARN_NON_LITERAL_NULL_CONVERSION = YES;
				CLANG_WARN_OBJC_IMPLICIT_RETAIN_SELF = YES;
				CLANG_WARN_OBJC_LITERAL_CONVERSION = YES;
				CLANG_WARN_OBJC_ROOT_CLASS = YES_ERROR;
				CLANG_WARN_RANGE_LOOP_ANALYSIS = YES;
				CLANG_WARN_STRICT_PROTOTYPES = YES;
				CLANG_WARN_SUSPICIOUS_MOVE = YES;
				CLANG_WARN_UNGUARDED_AVAILABILITY = YES_AGGRESSIVE;
				CLANG_WARN_UNREACHABLE_CODE = YES;
				CLANG_WARN__DUPLICATE_METHOD_MATCH = YES;
				CODE_SIGN_IDENTITY = "iPhone Developer";
				COPY_PHASE_STRIP = NO;
				DEBUG_INFORMATION_FORMAT = dwarf;
				ENABLE_STRICT_OBJC_MSGSEND = YES;
				ENABLE_TESTABILITY = YES;
				GCC_C_LANGUAGE_STANDARD = gnu11;
				GCC_DYNAMIC_NO_PIC = NO;
				GCC_NO_COMMON_BLOCKS = YES;
				GCC_OPTIMIZATION_LEVEL = 0;
				GCC_PREPROCESSOR_DEFINITIONS = (
					"DEBUG=1",
					"$(inherited)",
				);
				GCC_WARN_64_TO_32_BIT_CONVERSION = YES;
				GCC_WARN_ABOUT_RETURN_TYPE = YES_ERROR;
				GCC_WARN_UNDECLARED_SELECTOR = YES;
				GCC_WARN_UNINITIALIZED_AUTOS = YES_AGGRESSIVE;
				GCC_WARN_UNUSED_FUNCTION = YES;
				GCC_WARN_UNUSED_VARIABLE = YES;
				IPHONEOS_DEPLOYMENT_TARGET = 12.4;
				MTL_ENABLE_DEBUG_INFO = INCLUDE_SOURCE;
				MTL_FAST_MATH = YES;
				ONLY_ACTIVE_ARCH = YES;
				SDKROOT = iphoneos;
				SWIFT_ACTIVE_COMPILATION_CONDITIONS = DEBUG;
				SWIFT_OPTIMIZATION_LEVEL = "-Onone";
			};
			name = Debug;
		};
		13551D3E232453BD006874F7 /* Release */ = {
			isa = XCBuildConfiguration;
			buildSettings = {
				ALWAYS_SEARCH_USER_PATHS = NO;
				CLANG_ANALYZER_NONNULL = YES;
				CLANG_ANALYZER_NUMBER_OBJECT_CONVERSION = YES_AGGRESSIVE;
				CLANG_CXX_LANGUAGE_STANDARD = "gnu++14";
				CLANG_CXX_LIBRARY = "libc++";
				CLANG_ENABLE_MODULES = YES;
				CLANG_ENABLE_OBJC_ARC = YES;
				CLANG_ENABLE_OBJC_WEAK = YES;
				CLANG_WARN_BLOCK_CAPTURE_AUTORELEASING = YES;
				CLANG_WARN_BOOL_CONVERSION = YES;
				CLANG_WARN_COMMA = YES;
				CLANG_WARN_CONSTANT_CONVERSION = YES;
				CLANG_WARN_DEPRECATED_OBJC_IMPLEMENTATIONS = YES;
				CLANG_WARN_DIRECT_OBJC_ISA_USAGE = YES_ERROR;
				CLANG_WARN_DOCUMENTATION_COMMENTS = YES;
				CLANG_WARN_EMPTY_BODY = YES;
				CLANG_WARN_ENUM_CONVERSION = YES;
				CLANG_WARN_INFINITE_RECURSION = YES;
				CLANG_WARN_INT_CONVERSION = YES;
				CLANG_WARN_NON_LITERAL_NULL_CONVERSION = YES;
				CLANG_WARN_OBJC_IMPLICIT_RETAIN_SELF = YES;
				CLANG_WARN_OBJC_LITERAL_CONVERSION = YES;
				CLANG_WARN_OBJC_ROOT_CLASS = YES_ERROR;
				CLANG_WARN_RANGE_LOOP_ANALYSIS = YES;
				CLANG_WARN_STRICT_PROTOTYPES = YES;
				CLANG_WARN_SUSPICIOUS_MOVE = YES;
				CLANG_WARN_UNGUARDED_AVAILABILITY = YES_AGGRESSIVE;
				CLANG_WARN_UNREACHABLE_CODE = YES;
				CLANG_WARN__DUPLICATE_METHOD_MATCH = YES;
				CODE_SIGN_IDENTITY = "iPhone Developer";
				COPY_PHASE_STRIP = NO;
				DEBUG_INFORMATION_FORMAT = "dwarf-with-dsym";
				ENABLE_NS_ASSERTIONS = NO;
				ENABLE_STRICT_OBJC_MSGSEND = YES;
				GCC_C_LANGUAGE_STANDARD = gnu11;
				GCC_NO_COMMON_BLOCKS = YES;
				GCC_WARN_64_TO_32_BIT_CONVERSION = YES;
				GCC_WARN_ABOUT_RETURN_TYPE = YES_ERROR;
				GCC_WARN_UNDECLARED_SELECTOR = YES;
				GCC_WARN_UNINITIALIZED_AUTOS = YES_AGGRESSIVE;
				GCC_WARN_UNUSED_FUNCTION = YES;
				GCC_WARN_UNUSED_VARIABLE = YES;
				IPHONEOS_DEPLOYMENT_TARGET = 12.4;
				MTL_ENABLE_DEBUG_INFO = NO;
				MTL_FAST_MATH = YES;
				SDKROOT = iphoneos;
				SWIFT_COMPILATION_MODE = wholemodule;
				SWIFT_OPTIMIZATION_LEVEL = "-O";
				VALIDATE_PRODUCT = YES;
			};
			name = Release;
		};
		13551D40232453BD006874F7 /* Debug */ = {
			isa = XCBuildConfiguration;
			buildSettings = {
				ASSETCATALOG_COMPILER_APPICON_NAME = AppIcon;
				CODE_SIGN_STYLE = Automatic;
				INFOPLIST_FILE = TipX/Info.plist;
				LD_RUNPATH_SEARCH_PATHS = (
					"$(inherited)",
					"@executable_path/Frameworks",
				);
				PRODUCT_BUNDLE_IDENTIFIER = JiahanLi.TipX;
				PRODUCT_NAME = "$(TARGET_NAME)";
				SWIFT_VERSION = 5.0;
				TARGETED_DEVICE_FAMILY = "1,2";
			};
			name = Debug;
		};
		13551D41232453BD006874F7 /* Release */ = {
			isa = XCBuildConfiguration;
			buildSettings = {
				ASSETCATALOG_COMPILER_APPICON_NAME = AppIcon;
				CODE_SIGN_STYLE = Automatic;
				INFOPLIST_FILE = TipX/Info.plist;
				LD_RUNPATH_SEARCH_PATHS = (
					"$(inherited)",
					"@executable_path/Frameworks",
				);
				PRODUCT_BUNDLE_IDENTIFIER = JiahanLi.TipX;
				PRODUCT_NAME = "$(TARGET_NAME)";
				SWIFT_VERSION = 5.0;
				TARGETED_DEVICE_FAMILY = "1,2";
			};
			name = Release;
		};
		13551D43232453BD006874F7 /* Debug */ = {
			isa = XCBuildConfiguration;
			buildSettings = {
				ALWAYS_EMBED_SWIFT_STANDARD_LIBRARIES = YES;
				BUNDLE_LOADER = "$(TEST_HOST)";
				CODE_SIGN_STYLE = Automatic;
				INFOPLIST_FILE = TipXTests/Info.plist;
				LD_RUNPATH_SEARCH_PATHS = (
					"$(inherited)",
					"@executable_path/Frameworks",
					"@loader_path/Frameworks",
				);
				PRODUCT_BUNDLE_IDENTIFIER = JiahanLi.TipXTests;
				PRODUCT_NAME = "$(TARGET_NAME)";
				SWIFT_VERSION = 5.0;
				TARGETED_DEVICE_FAMILY = "1,2";
				TEST_HOST = "$(BUILT_PRODUCTS_DIR)/TipX.app/TipX";
			};
			name = Debug;
		};
		13551D44232453BD006874F7 /* Release */ = {
			isa = XCBuildConfiguration;
			buildSettings = {
				ALWAYS_EMBED_SWIFT_STANDARD_LIBRARIES = YES;
				BUNDLE_LOADER = "$(TEST_HOST)";
				CODE_SIGN_STYLE = Automatic;
				INFOPLIST_FILE = TipXTests/Info.plist;
				LD_RUNPATH_SEARCH_PATHS = (
					"$(inherited)",
					"@executable_path/Frameworks",
					"@loader_path/Frameworks",
				);
				PRODUCT_BUNDLE_IDENTIFIER = JiahanLi.TipXTests;
				PRODUCT_NAME = "$(TARGET_NAME)";
				SWIFT_VERSION = 5.0;
				TARGETED_DEVICE_FAMILY = "1,2";
				TEST_HOST = "$(BUILT_PRODUCTS_DIR)/TipX.app/TipX";
			};
			name = Release;
		};
		13551D46232453BD006874F7 /* Debug */ = {
			isa = XCBuildConfiguration;
			buildSettings = {
				ALWAYS_EMBED_SWIFT_STANDARD_LIBRARIES = YES;
				CODE_SIGN_STYLE = Automatic;
				INFOPLIST_FILE = TipXUITests/Info.plist;
				LD_RUNPATH_SEARCH_PATHS = (
					"$(inherited)",
					"@executable_path/Frameworks",
					"@loader_path/Frameworks",
				);
				PRODUCT_BUNDLE_IDENTIFIER = JiahanLi.TipXUITests;
				PRODUCT_NAME = "$(TARGET_NAME)";
				SWIFT_VERSION = 5.0;
				TARGETED_DEVICE_FAMILY = "1,2";
				TEST_TARGET_NAME = TipX;
			};
			name = Debug;
		};
		13551D47232453BD006874F7 /* Release */ = {
			isa = XCBuildConfiguration;
			buildSettings = {
				ALWAYS_EMBED_SWIFT_STANDARD_LIBRARIES = YES;
				CODE_SIGN_STYLE = Automatic;
				INFOPLIST_FILE = TipXUITests/Info.plist;
				LD_RUNPATH_SEARCH_PATHS = (
					"$(inherited)",
					"@executable_path/Frameworks",
					"@loader_path/Frameworks",
				);
				PRODUCT_BUNDLE_IDENTIFIER = JiahanLi.TipXUITests;
				PRODUCT_NAME = "$(TARGET_NAME)";
				SWIFT_VERSION = 5.0;
				TARGETED_DEVICE_FAMILY = "1,2";
				TEST_TARGET_NAME = TipX;
			};
			name = Release;
		};
/* End XCBuildConfiguration section */

/* Begin XCConfigurationList section */
		13551D12232453BC006874F7 /* Build configuration list for PBXProject "TipX" */ = {
			isa = XCConfigurationList;
			buildConfigurations = (
				13551D3D232453BD006874F7 /* Debug */,
				13551D3E232453BD006874F7 /* Release */,
			);
			defaultConfigurationIsVisible = 0;
			defaultConfigurationName = Release;
		};
		13551D3F232453BD006874F7 /* Build configuration list for PBXNativeTarget "TipX" */ = {
			isa = XCConfigurationList;
			buildConfigurations = (
				13551D40232453BD006874F7 /* Debug */,
				13551D41232453BD006874F7 /* Release */,
			);
			defaultConfigurationIsVisible = 0;
			defaultConfigurationName = Release;
		};
		13551D42232453BD006874F7 /* Build configuration list for PBXNativeTarget "TipXTests" */ = {
			isa = XCConfigurationList;
			buildConfigurations = (
				13551D43232453BD006874F7 /* Debug */,
				13551D44232453BD006874F7 /* Release */,
			);
			defaultConfigurationIsVisible = 0;
			defaultConfigurationName = Release;
		};
		13551D45232453BD006874F7 /* Build configuration list for PBXNativeTarget "TipXUITests" */ = {
			isa = XCConfigurationList;
			buildConfigurations = (
				13551D46232453BD006874F7 /* Debug */,
				13551D47232453BD006874F7 /* Release */,
			);
			defaultConfigurationIsVisible = 0;
			defaultConfigurationName = Release;
		};
/* End XCConfigurationList section */
	};
	rootObject = 13551D0F232453BC006874F7 /* Project object */;
}
